
Microsoft Visual Studio Solution File, Format Version 12.00
# Visual Studio 15
VisualStudioVersion = 15.0.27004.2006
MinimumVisualStudioVersion = 10.0.40219.1
Project("{FAE04EC0-301F-11D3-BF4B-00C04F79EFBC}") = "XF.Atividade1.Android", "XF.Atividade1\XF.Atividade1.Android\XF.Atividade1.Android.csproj", "{10ABE3A7-AB14-4ABF-90A7-FB43E65EED8C}"
EndProject
Project("{FAE04EC0-301F-11D3-BF4B-00C04F79EFBC}") = "XF.Atividade1", "XF.Atividade1\XF.Atividade1\XF.Atividade1.csproj", "{A660299B-E0FC-4D71-9B0A-95320CAF102F}"
EndProject
Project("{FAE04EC0-301F-11D3-BF4B-00C04F79EFBC}") = "XF.Atividade1.UWP", "XF.Atividade1\XF.Atividade1.UWP\XF.Atividade1.UWP.csproj", "{28E04C02-0B03-4DEC-9281-55F43696E70A}"
EndProject
Project("{FAE04EC0-301F-11D3-BF4B-00C04F79EFBC}") = "XF.Atividade1.iOS", "XF.Atividade1\XF.Atividade1.iOS\XF.Atividade1.iOS.csproj", "{8E47BA26-1F1A-4CED-86B0-44271F06F810}"
EndProject
Global
	GlobalSection(SolutionConfigurationPlatforms) = preSolution
		Ad-Hoc|Any CPU = Ad-Hoc|Any CPU
		Ad-Hoc|ARM = Ad-Hoc|ARM
		Ad-Hoc|iPhone = Ad-Hoc|iPhone
		Ad-Hoc|iPhoneSimulator = Ad-Hoc|iPhoneSimulator
		Ad-Hoc|x64 = Ad-Hoc|x64
		Ad-Hoc|x86 = Ad-Hoc|x86
		AppStore|Any CPU = AppStore|Any CPU
		AppStore|ARM = AppStore|ARM
		AppStore|iPhone = AppStore|iPhone
		AppStore|iPhoneSimulator = AppStore|iPhoneSimulator
		AppStore|x64 = AppStore|x64
		AppStore|x86 = AppStore|x86
		Debug|Any CPU = Debug|Any CPU
		Debug|ARM = Debug|ARM
		Debug|iPhone = Debug|iPhone
		Debug|iPhoneSimulator = Debug|iPhoneSimulator
		Debug|x64 = Debug|x64
		Debug|x86 = Debug|x86
		Release|Any CPU = Release|Any CPU
		Release|ARM = Release|ARM
		Release|iPhone = Release|iPhone
		Release|iPhoneSimulator = Release|iPhoneSimulator
		Release|x64 = Release|x64
		Release|x86 = Release|x86
	EndGlobalSection
	GlobalSection(ProjectConfigurationPlatforms) = postSolution
		{10ABE3A7-AB14-4ABF-90A7-FB43E65EED8C}.Ad-Hoc|Any CPU.ActiveCfg = Release|Any CPU
		{10ABE3A7-AB14-4ABF-90A7-FB43E65EED8C}.Ad-Hoc|Any CPU.Build.0 = Release|Any CPU
		{10ABE3A7-AB14-4ABF-90A7-FB43E65EED8C}.Ad-Hoc|Any CPU.Deploy.0 = Release|Any CPU
		{10ABE3A7-AB14-4ABF-90A7-FB43E65EED8C}.Ad-Hoc|ARM.ActiveCfg = Release|Any CPU
		{10ABE3A7-AB14-4ABF-90A7-FB43E65EED8C}.Ad-Hoc|ARM.Build.0 = Release|Any CPU
		{10ABE3A7-AB14-4ABF-90A7-FB43E65EED8C}.Ad-Hoc|ARM.Deploy.0 = Release|Any CPU
		{10ABE3A7-AB14-4ABF-90A7-FB43E65EED8C}.Ad-Hoc|iPhone.ActiveCfg = Release|Any CPU
		{10ABE3A7-AB14-4ABF-90A7-FB43E65EED8C}.Ad-Hoc|iPhone.Build.0 = Release|Any CPU
		{10ABE3A7-AB14-4ABF-90A7-FB43E65EED8C}.Ad-Hoc|iPhone.Deploy.0 = Release|Any CPU
		{10ABE3A7-AB14-4ABF-90A7-FB43E65EED8C}.Ad-Hoc|iPhoneSimulator.ActiveCfg = Release|Any CPU
		{10ABE3A7-AB14-4ABF-90A7-FB43E65EED8C}.Ad-Hoc|iPhoneSimulator.Build.0 = Release|Any CPU
		{10ABE3A7-AB14-4ABF-90A7-FB43E65EED8C}.Ad-Hoc|iPhoneSimulator.Deploy.0 = Release|Any CPU
		{10ABE3A7-AB14-4ABF-90A7-FB43E65EED8C}.Ad-Hoc|x64.ActiveCfg = Release|Any CPU
		{10ABE3A7-AB14-4ABF-90A7-FB43E65EED8C}.Ad-Hoc|x64.Build.0 = Release|Any CPU
		{10ABE3A7-AB14-4ABF-90A7-FB43E65EED8C}.Ad-Hoc|x64.Deploy.0 = Release|Any CPU
		{10ABE3A7-AB14-4ABF-90A7-FB43E65EED8C}.Ad-Hoc|x86.ActiveCfg = Release|Any CPU
		{10ABE3A7-AB14-4ABF-90A7-FB43E65EED8C}.Ad-Hoc|x86.Build.0 = Release|Any CPU
		{10ABE3A7-AB14-4ABF-90A7-FB43E65EED8C}.Ad-Hoc|x86.Deploy.0 = Release|Any CPU
		{10ABE3A7-AB14-4ABF-90A7-FB43E65EED8C}.AppStore|Any CPU.ActiveCfg = Release|Any CPU
		{10ABE3A7-AB14-4ABF-90A7-FB43E65EED8C}.AppStore|Any CPU.Build.0 = Release|Any CPU
		{10ABE3A7-AB14-4ABF-90A7-FB43E65EED8C}.AppStore|Any CPU.Deploy.0 = Release|Any CPU
		{10ABE3A7-AB14-4ABF-90A7-FB43E65EED8C}.AppStore|ARM.ActiveCfg = Release|Any CPU
		{10ABE3A7-AB14-4ABF-90A7-FB43E65EED8C}.AppStore|ARM.Build.0 = Release|Any CPU
		{10ABE3A7-AB14-4ABF-90A7-FB43E65EED8C}.AppStore|ARM.Deploy.0 = Release|Any CPU
		{10ABE3A7-AB14-4ABF-90A7-FB43E65EED8C}.AppStore|iPhone.ActiveCfg = Release|Any CPU
		{10ABE3A7-AB14-4ABF-90A7-FB43E65EED8C}.AppStore|iPhone.Build.0 = Release|Any CPU
		{10ABE3A7-AB14-4ABF-90A7-FB43E65EED8C}.AppStore|iPhone.Deploy.0 = Release|Any CPU
		{10ABE3A7-AB14-4ABF-90A7-FB43E65EED8C}.AppStore|iPhoneSimulator.ActiveCfg = Release|Any CPU
		{10ABE3A7-AB14-4ABF-90A7-FB43E65EED8C}.AppStore|iPhoneSimulator.Build.0 = Release|Any CPU
		{10ABE3A7-AB14-4ABF-90A7-FB43E65EED8C}.AppStore|iPhoneSimulator.Deploy.0 = Release|Any CPU
		{10ABE3A7-AB14-4ABF-90A7-FB43E65EED8C}.AppStore|x64.ActiveCfg = Release|Any CPU
		{10ABE3A7-AB14-4ABF-90A7-FB43E65EED8C}.AppStore|x64.Build.0 = Release|Any CPU
		{10ABE3A7-AB14-4ABF-90A7-FB43E65EED8C}.AppStore|x64.Deploy.0 = Release|Any CPU
		{10ABE3A7-AB14-4ABF-90A7-FB43E65EED8C}.AppStore|x86.ActiveCfg = Release|Any CPU
		{10ABE3A7-AB14-4ABF-90A7-FB43E65EED8C}.AppStore|x86.Build.0 = Release|Any CPU
		{10ABE3A7-AB14-4ABF-90A7-FB43E65EED8C}.AppStore|x86.Deploy.0 = Release|Any CPU
		{10ABE3A7-AB14-4ABF-90A7-FB43E65EED8C}.Debug|Any CPU.ActiveCfg = Debug|Any CPU
		{10ABE3A7-AB14-4ABF-90A7-FB43E65EED8C}.Debug|Any CPU.Build.0 = Debug|Any CPU
		{10ABE3A7-AB14-4ABF-90A7-FB43E65EED8C}.Debug|Any CPU.Deploy.0 = Debug|Any CPU
		{10ABE3A7-AB14-4ABF-90A7-FB43E65EED8C}.Debug|ARM.ActiveCfg = Debug|Any CPU
		{10ABE3A7-AB14-4ABF-90A7-FB43E65EED8C}.Debug|ARM.Build.0 = Debug|Any CPU
		{10ABE3A7-AB14-4ABF-90A7-FB43E65EED8C}.Debug|ARM.Deploy.0 = Debug|Any CPU
		{10ABE3A7-AB14-4ABF-90A7-FB43E65EED8C}.Debug|iPhone.ActiveCfg = Debug|Any CPU
		{10ABE3A7-AB14-4ABF-90A7-FB43E65EED8C}.Debug|iPhone.Build.0 = Debug|Any CPU
		{10ABE3A7-AB14-4ABF-90A7-FB43E65EED8C}.Debug|iPhone.Deploy.0 = Debug|Any CPU
		{10ABE3A7-AB14-4ABF-90A7-FB43E65EED8C}.Debug|iPhoneSimulator.ActiveCfg = Debug|Any CPU
		{10ABE3A7-AB14-4ABF-90A7-FB43E65EED8C}.Debug|iPhoneSimulator.Build.0 = Debug|Any CPU
		{10ABE3A7-AB14-4ABF-90A7-FB43E65EED8C}.Debug|iPhoneSimulator.Deploy.0 = Debug|Any CPU
		{10ABE3A7-AB14-4ABF-90A7-FB43E65EED8C}.Debug|x64.ActiveCfg = Debug|Any CPU
		{10ABE3A7-AB14-4ABF-90A7-FB43E65EED8C}.Debug|x64.Build.0 = Debug|Any CPU
		{10ABE3A7-AB14-4ABF-90A7-FB43E65EED8C}.Debug|x64.Deploy.0 = Debug|Any CPU
		{10ABE3A7-AB14-4ABF-90A7-FB43E65EED8C}.Debug|x86.ActiveCfg = Debug|Any CPU
		{10ABE3A7-AB14-4ABF-90A7-FB43E65EED8C}.Debug|x86.Build.0 = Debug|Any CPU
		{10ABE3A7-AB14-4ABF-90A7-FB43E65EED8C}.Debug|x86.Deploy.0 = Debug|Any CPU
		{10ABE3A7-AB14-4ABF-90A7-FB43E65EED8C}.Release|Any CPU.ActiveCfg = Release|Any CPU
		{10ABE3A7-AB14-4ABF-90A7-FB43E65EED8C}.Release|Any CPU.Build.0 = Release|Any CPU
		{10ABE3A7-AB14-4ABF-90A7-FB43E65EED8C}.Release|Any CPU.Deploy.0 = Release|Any CPU
		{10ABE3A7-AB14-4ABF-90A7-FB43E65EED8C}.Release|ARM.ActiveCfg = Release|Any CPU
		{10ABE3A7-AB14-4ABF-90A7-FB43E65EED8C}.Release|ARM.Build.0 = Release|Any CPU
		{10ABE3A7-AB14-4ABF-90A7-FB43E65EED8C}.Release|ARM.Deploy.0 = Release|Any CPU
		{10ABE3A7-AB14-4ABF-90A7-FB43E65EED8C}.Release|iPhone.ActiveCfg = Release|Any CPU
		{10ABE3A7-AB14-4ABF-90A7-FB43E65EED8C}.Release|iPhone.Build.0 = Release|Any CPU
		{10ABE3A7-AB14-4ABF-90A7-FB43E65EED8C}.Release|iPhone.Deploy.0 = Release|Any CPU
		{10ABE3A7-AB14-4ABF-90A7-FB43E65EED8C}.Release|iPhoneSimulator.ActiveCfg = Release|Any CPU
		{10ABE3A7-AB14-4ABF-90A7-FB43E65EED8C}.Release|iPhoneSimulator.Build.0 = Release|Any CPU
		{10ABE3A7-AB14-4ABF-90A7-FB43E65EED8C}.Release|iPhoneSimulator.Deploy.0 = Release|Any CPU
		{10ABE3A7-AB14-4ABF-90A7-FB43E65EED8C}.Release|x64.ActiveCfg = Release|Any CPU
		{10ABE3A7-AB14-4ABF-90A7-FB43E65EED8C}.Release|x64.Build.0 = Release|Any CPU
		{10ABE3A7-AB14-4ABF-90A7-FB43E65EED8C}.Release|x64.Deploy.0 = Release|Any CPU
		{10ABE3A7-AB14-4ABF-90A7-FB43E65EED8C}.Release|x86.ActiveCfg = Release|Any CPU
		{10ABE3A7-AB14-4ABF-90A7-FB43E65EED8C}.Release|x86.Build.0 = Release|Any CPU
		{10ABE3A7-AB14-4ABF-90A7-FB43E65EED8C}.Release|x86.Deploy.0 = Release|Any CPU
		{A660299B-E0FC-4D71-9B0A-95320CAF102F}.Ad-Hoc|Any CPU.ActiveCfg = Release|Any CPU
		{A660299B-E0FC-4D71-9B0A-95320CAF102F}.Ad-Hoc|Any CPU.Build.0 = Release|Any CPU
		{A660299B-E0FC-4D71-9B0A-95320CAF102F}.Ad-Hoc|ARM.ActiveCfg = Release|Any CPU
		{A660299B-E0FC-4D71-9B0A-95320CAF102F}.Ad-Hoc|ARM.Build.0 = Release|Any CPU
		{A660299B-E0FC-4D71-9B0A-95320CAF102F}.Ad-Hoc|iPhone.ActiveCfg = Release|Any CPU
		{A660299B-E0FC-4D71-9B0A-95320CAF102F}.Ad-Hoc|iPhone.Build.0 = Release|Any CPU
		{A660299B-E0FC-4D71-9B0A-95320CAF102F}.Ad-Hoc|iPhoneSimulator.ActiveCfg = Release|Any CPU
		{A660299B-E0FC-4D71-9B0A-95320CAF102F}.Ad-Hoc|iPhoneSimulator.Build.0 = Release|Any CPU
		{A660299B-E0FC-4D71-9B0A-95320CAF102F}.Ad-Hoc|x64.ActiveCfg = Release|Any CPU
		{A660299B-E0FC-4D71-9B0A-95320CAF102F}.Ad-Hoc|x64.Build.0 = Release|Any CPU
		{A660299B-E0FC-4D71-9B0A-95320CAF102F}.Ad-Hoc|x86.ActiveCfg = Release|Any CPU
		{A660299B-E0FC-4D71-9B0A-95320CAF102F}.Ad-Hoc|x86.Build.0 = Release|Any CPU
		{A660299B-E0FC-4D71-9B0A-95320CAF102F}.AppStore|Any CPU.ActiveCfg = Release|Any CPU
		{A660299B-E0FC-4D71-9B0A-95320CAF102F}.AppStore|Any CPU.Build.0 = Release|Any CPU
		{A660299B-E0FC-4D71-9B0A-95320CAF102F}.AppStore|ARM.ActiveCfg = Release|Any CPU
		{A660299B-E0FC-4D71-9B0A-95320CAF102F}.AppStore|ARM.Build.0 = Release|Any CPU
		{A660299B-E0FC-4D71-9B0A-95320CAF102F}.AppStore|iPhone.ActiveCfg = Release|Any CPU
		{A660299B-E0FC-4D71-9B0A-95320CAF102F}.AppStore|iPhone.Build.0 = Release|Any CPU
		{A660299B-E0FC-4D71-9B0A-95320CAF102F}.AppStore|iPhoneSimulator.ActiveCfg = Release|Any CPU
		{A660299B-E0FC-4D71-9B0A-95320CAF102F}.AppStore|iPhoneSimulator.Build.0 = Release|Any CPU
		{A660299B-E0FC-4D71-9B0A-95320CAF102F}.AppStore|x64.ActiveCfg = Release|Any CPU
		{A660299B-E0FC-4D71-9B0A-95320CAF102F}.AppStore|x64.Build.0 = Release|Any CPU
		{A660299B-E0FC-4D71-9B0A-95320CAF102F}.AppStore|x86.ActiveCfg = Release|Any CPU
		{A660299B-E0FC-4D71-9B0A-95320CAF102F}.AppStore|x86.Build.0 = Release|Any CPU
		{A660299B-E0FC-4D71-9B0A-95320CAF102F}.Debug|Any CPU.ActiveCfg = Debug|Any CPU
		{A660299B-E0FC-4D71-9B0A-95320CAF102F}.Debug|Any CPU.Build.0 = Debug|Any CPU
		{A660299B-E0FC-4D71-9B0A-95320CAF102F}.Debug|ARM.ActiveCfg = Debug|Any CPU
		{A660299B-E0FC-4D71-9B0A-95320CAF102F}.Debug|ARM.Build.0 = Debug|Any CPU
		{A660299B-E0FC-4D71-9B0A-95320CAF102F}.Debug|iPhone.ActiveCfg = Debug|Any CPU
		{A660299B-E0FC-4D71-9B0A-95320CAF102F}.Debug|iPhone.Build.0 = Debug|Any CPU
		{A660299B-E0FC-4D71-9B0A-95320CAF102F}.Debug|iPhoneSimulator.ActiveCfg = Debug|Any CPU
		{A660299B-E0FC-4D71-9B0A-95320CAF102F}.Debug|iPhoneSimulator.Build.0 = Debug|Any CPU
		{A660299B-E0FC-4D71-9B0A-95320CAF102F}.Debug|x64.ActiveCfg = Debug|Any CPU
		{A660299B-E0FC-4D71-9B0A-95320CAF102F}.Debug|x64.Build.0 = Debug|Any CPU
		{A660299B-E0FC-4D71-9B0A-95320CAF102F}.Debug|x86.ActiveCfg = Debug|Any CPU
		{A660299B-E0FC-4D71-9B0A-95320CAF102F}.Debug|x86.Build.0 = Debug|Any CPU
		{A660299B-E0FC-4D71-9B0A-95320CAF102F}.Release|Any CPU.ActiveCfg = Release|Any CPU
		{A660299B-E0FC-4D71-9B0A-95320CAF102F}.Release|Any CPU.Build.0 = Release|Any CPU
		{A660299B-E0FC-4D71-9B0A-95320CAF102F}.Release|ARM.ActiveCfg = Release|Any CPU
		{A660299B-E0FC-4D71-9B0A-95320CAF102F}.Release|ARM.Build.0 = Release|Any CPU
		{A660299B-E0FC-4D71-9B0A-95320CAF102F}.Release|iPhone.ActiveCfg = Release|Any CPU
		{A660299B-E0FC-4D71-9B0A-95320CAF102F}.Release|iPhone.Build.0 = Release|Any CPU
		{A660299B-E0FC-4D71-9B0A-95320CAF102F}.Release|iPhoneSimulator.ActiveCfg = Release|Any CPU
		{A660299B-E0FC-4D71-9B0A-95320CAF102F}.Release|iPhoneSimulator.Build.0 = Release|Any CPU
		{A660299B-E0FC-4D71-9B0A-95320CAF102F}.Release|x64.ActiveCfg = Release|Any CPU
		{A660299B-E0FC-4D71-9B0A-95320CAF102F}.Release|x64.Build.0 = Release|Any CPU
		{A660299B-E0FC-4D71-9B0A-95320CAF102F}.Release|x86.ActiveCfg = Release|Any CPU
		{A660299B-E0FC-4D71-9B0A-95320CAF102F}.Release|x86.Build.0 = Release|Any CPU
		{28E04C02-0B03-4DEC-9281-55F43696E70A}.Ad-Hoc|Any CPU.ActiveCfg = Release|x86
		{28E04C02-0B03-4DEC-9281-55F43696E70A}.Ad-Hoc|Any CPU.Build.0 = Release|x86
		{28E04C02-0B03-4DEC-9281-55F43696E70A}.Ad-Hoc|Any CPU.Deploy.0 = Release|x86
		{28E04C02-0B03-4DEC-9281-55F43696E70A}.Ad-Hoc|ARM.ActiveCfg = Release|ARM
		{28E04C02-0B03-4DEC-9281-55F43696E70A}.Ad-Hoc|ARM.Build.0 = Release|ARM
		{28E04C02-0B03-4DEC-9281-55F43696E70A}.Ad-Hoc|ARM.Deploy.0 = Release|ARM
		{28E04C02-0B03-4DEC-9281-55F43696E70A}.Ad-Hoc|iPhone.ActiveCfg = Release|x86
		{28E04C02-0B03-4DEC-9281-55F43696E70A}.Ad-Hoc|iPhone.Build.0 = Release|x86
		{28E04C02-0B03-4DEC-9281-55F43696E70A}.Ad-Hoc|iPhone.Deploy.0 = Release|x86
		{28E04C02-0B03-4DEC-9281-55F43696E70A}.Ad-Hoc|iPhoneSimulator.ActiveCfg = Release|x86
		{28E04C02-0B03-4DEC-9281-55F43696E70A}.Ad-Hoc|iPhoneSimulator.Build.0 = Release|x86
		{28E04C02-0B03-4DEC-9281-55F43696E70A}.Ad-Hoc|iPhoneSimulator.Deploy.0 = Release|x86
		{28E04C02-0B03-4DEC-9281-55F43696E70A}.Ad-Hoc|x64.ActiveCfg = Release|x64
		{28E04C02-0B03-4DEC-9281-55F43696E70A}.Ad-Hoc|x64.Build.0 = Release|x64
		{28E04C02-0B03-4DEC-9281-55F43696E70A}.Ad-Hoc|x64.Deploy.0 = Release|x64
		{28E04C02-0B03-4DEC-9281-55F43696E70A}.Ad-Hoc|x86.ActiveCfg = Release|x86
		{28E04C02-0B03-4DEC-9281-55F43696E70A}.Ad-Hoc|x86.Build.0 = Release|x86
		{28E04C02-0B03-4DEC-9281-55F43696E70A}.Ad-Hoc|x86.Deploy.0 = Release|x86
		{28E04C02-0B03-4DEC-9281-55F43696E70A}.AppStore|Any CPU.ActiveCfg = Release|x86
		{28E04C02-0B03-4DEC-9281-55F43696E70A}.AppStore|Any CPU.Build.0 = Release|x86
		{28E04C02-0B03-4DEC-9281-55F43696E70A}.AppStore|Any CPU.Deploy.0 = Release|x86
		{28E04C02-0B03-4DEC-9281-55F43696E70A}.AppStore|ARM.ActiveCfg = Release|ARM
		{28E04C02-0B03-4DEC-9281-55F43696E70A}.AppStore|ARM.Build.0 = Release|ARM
		{28E04C02-0B03-4DEC-9281-55F43696E70A}.AppStore|ARM.Deploy.0 = Release|ARM
		{28E04C02-0B03-4DEC-9281-55F43696E70A}.AppStore|iPhone.ActiveCfg = Release|x86
		{28E04C02-0B03-4DEC-9281-55F43696E70A}.AppStore|iPhone.Build.0 = Release|x86
		{28E04C02-0B03-4DEC-9281-55F43696E70A}.AppStore|iPhone.Deploy.0 = Release|x86
		{28E04C02-0B03-4DEC-9281-55F43696E70A}.AppStore|iPhoneSimulator.ActiveCfg = Release|x86
		{28E04C02-0B03-4DEC-9281-55F43696E70A}.AppStore|iPhoneSimulator.Build.0 = Release|x86
		{28E04C02-0B03-4DEC-9281-55F43696E70A}.AppStore|iPhoneSimulator.Deploy.0 = Release|x86
		{28E04C02-0B03-4DEC-9281-55F43696E70A}.AppStore|x64.ActiveCfg = Release|x64
		{28E04C02-0B03-4DEC-9281-55F43696E70A}.AppStore|x64.Build.0 = Release|x64
		{28E04C02-0B03-4DEC-9281-55F43696E70A}.AppStore|x64.Deploy.0 = Release|x64
		{28E04C02-0B03-4DEC-9281-55F43696E70A}.AppStore|x86.ActiveCfg = Release|x86
		{28E04C02-0B03-4DEC-9281-55F43696E70A}.AppStore|x86.Build.0 = Release|x86
		{28E04C02-0B03-4DEC-9281-55F43696E70A}.AppStore|x86.Deploy.0 = Release|x86
		{28E04C02-0B03-4DEC-9281-55F43696E70A}.Debug|Any CPU.ActiveCfg = Debug|x86
		{28E04C02-0B03-4DEC-9281-55F43696E70A}.Debug|ARM.ActiveCfg = Debug|ARM
		{28E04C02-0B03-4DEC-9281-55F43696E70A}.Debug|ARM.Build.0 = Debug|ARM
		{28E04C02-0B03-4DEC-9281-55F43696E70A}.Debug|ARM.Deploy.0 = Debug|ARM
		{28E04C02-0B03-4DEC-9281-55F43696E70A}.Debug|iPhone.ActiveCfg = Debug|x86
		{28E04C02-0B03-4DEC-9281-55F43696E70A}.Debug|iPhoneSimulator.ActiveCfg = Debug|x86
		{28E04C02-0B03-4DEC-9281-55F43696E70A}.Debug|x64.ActiveCfg = Debug|x64
		{28E04C02-0B03-4DEC-9281-55F43696E70A}.Debug|x64.Build.0 = Debug|x64
		{28E04C02-0B03-4DEC-9281-55F43696E70A}.Debug|x64.Deploy.0 = Debug|x64
		{28E04C02-0B03-4DEC-9281-55F43696E70A}.Debug|x86.ActiveCfg = Debug|x86
		{28E04C02-0B03-4DEC-9281-55F43696E70A}.Debug|x86.Build.0 = Debug|x86
		{28E04C02-0B03-4DEC-9281-55F43696E70A}.Debug|x86.Deploy.0 = Debug|x86
		{28E04C02-0B03-4DEC-9281-55F43696E70A}.Release|Any CPU.ActiveCfg = Release|x86
		{28E04C02-0B03-4DEC-9281-55F43696E70A}.Release|ARM.ActiveCfg = Release|ARM
		{28E04C02-0B03-4DEC-9281-55F43696E70A}.Release|ARM.Build.0 = Release|ARM
		{28E04C02-0B03-4DEC-9281-55F43696E70A}.Release|ARM.Deploy.0 = Release|ARM
		{28E04C02-0B03-4DEC-9281-55F43696E70A}.Release|iPhone.ActiveCfg = Release|x86
		{28E04C02-0B03-4DEC-9281-55F43696E70A}.Release|iPhoneSimulator.ActiveCfg = Release|x86
		{28E04C02-0B03-4DEC-9281-55F43696E70A}.Release|x64.ActiveCfg = Release|x64
		{28E04C02-0B03-4DEC-9281-55F43696E70A}.Release|x64.Build.0 = Release|x64
		{28E04C02-0B03-4DEC-9281-55F43696E70A}.Release|x64.Deploy.0 = Release|x64
		{28E04C02-0B03-4DEC-9281-55F43696E70A}.Release|x86.ActiveCfg = Release|x86
		{28E04C02-0B03-4DEC-9281-55F43696E70A}.Release|x86.Build.0 = Release|x86
		{28E04C02-0B03-4DEC-9281-55F43696E70A}.Release|x86.Deploy.0 = Release|x86
		{8E47BA26-1F1A-4CED-86B0-44271F06F810}.Ad-Hoc|Any CPU.ActiveCfg = Ad-Hoc|iPhoneSimulator
		{8E47BA26-1F1A-4CED-86B0-44271F06F810}.Ad-Hoc|ARM.ActiveCfg = Ad-Hoc|iPhone
		{8E47BA26-1F1A-4CED-86B0-44271F06F810}.Ad-Hoc|iPhone.ActiveCfg = Ad-Hoc|iPhone
		{8E47BA26-1F1A-4CED-86B0-44271F06F810}.Ad-Hoc|iPhone.Build.0 = Ad-Hoc|iPhone
		{8E47BA26-1F1A-4CED-86B0-44271F06F810}.Ad-Hoc|iPhoneSimulator.ActiveCfg = Ad-Hoc|iPhoneSimulator
		{8E47BA26-1F1A-4CED-86B0-44271F06F810}.Ad-Hoc|iPhoneSimulator.Build.0 = Ad-Hoc|iPhoneSimulator
		{8E47BA26-1F1A-4CED-86B0-44271F06F810}.Ad-Hoc|x64.ActiveCfg = Ad-Hoc|iPhone
		{8E47BA26-1F1A-4CED-86B0-44271F06F810}.Ad-Hoc|x86.ActiveCfg = Ad-Hoc|iPhone
		{8E47BA26-1F1A-4CED-86B0-44271F06F810}.AppStore|Any CPU.ActiveCfg = AppStore|iPhoneSimulator
		{8E47BA26-1F1A-4CED-86B0-44271F06F810}.AppStore|ARM.ActiveCfg = AppStore|iPhone
		{8E47BA26-1F1A-4CED-86B0-44271F06F810}.AppStore|iPhone.ActiveCfg = AppStore|iPhone
		{8E47BA26-1F1A-4CED-86B0-44271F06F810}.AppStore|iPhone.Build.0 = AppStore|iPhone
		{8E47BA26-1F1A-4CED-86B0-44271F06F810}.AppStore|iPhoneSimulator.ActiveCfg = AppStore|iPhoneSimulator
		{8E47BA26-1F1A-4CED-86B0-44271F06F810}.AppStore|iPhoneSimulator.Build.0 = AppStore|iPhoneSimulator
		{8E47BA26-1F1A-4CED-86B0-44271F06F810}.AppStore|x64.ActiveCfg = AppStore|iPhone
		{8E47BA26-1F1A-4CED-86B0-44271F06F810}.AppStore|x86.ActiveCfg = AppStore|iPhone
		{8E47BA26-1F1A-4CED-86B0-44271F06F810}.Debug|Any CPU.ActiveCfg = Debug|iPhoneSimulator
		{8E47BA26-1F1A-4CED-86B0-44271F06F810}.Debug|ARM.ActiveCfg = Debug|iPhone
		{8E47BA26-1F1A-4CED-86B0-44271F06F810}.Debug|iPhone.ActiveCfg = Debug|iPhone
		{8E47BA26-1F1A-4CED-86B0-44271F06F810}.Debug|iPhone.Build.0 = Debug|iPhone
		{8E47BA26-1F1A-4CED-86B0-44271F06F810}.Debug|iPhoneSimulator.ActiveCfg = Debug|iPhoneSimulator
		{8E47BA26-1F1A-4CED-86B0-44271F06F810}.Debug|iPhoneSimulator.Build.0 = Debug|iPhoneSimulator
		{8E47BA26-1F1A-4CED-86B0-44271F06F810}.Debug|x64.ActiveCfg = Debug|iPhone
		{8E47BA26-1F1A-4CED-86B0-44271F06F810}.Debug|x86.ActiveCfg = Debug|iPhone
		{8E47BA26-1F1A-4CED-86B0-44271F06F810}.Release|Any CPU.ActiveCfg = Release|iPhoneSimulator
		{8E47BA26-1F1A-4CED-86B0-44271F06F810}.Release|ARM.ActiveCfg = Release|iPhone
		{8E47BA26-1F1A-4CED-86B0-44271F06F810}.Release|iPhone.ActiveCfg = Release|iPhone
		{8E47BA26-1F1A-4CED-86B0-44271F06F810}.Release|iPhone.Build.0 = Release|iPhone
		{8E47BA26-1F1A-4CED-86B0-44271F06F810}.Release|iPhoneSimulator.ActiveCfg = Release|iPhoneSimulator
		{8E47BA26-1F1A-4CED-86B0-44271F06F810}.Release|iPhoneSimulator.Build.0 = Release|iPhoneSimulator
		{8E47BA26-1F1A-4CED-86B0-44271F06F810}.Release|x64.ActiveCfg = Release|iPhone
		{8E47BA26-1F1A-4CED-86B0-44271F06F810}.Release|x86.ActiveCfg = Release|iPhone
	EndGlobalSection
	GlobalSection(SolutionProperties) = preSolution
		HideSolutionNode = FALSE
	EndGlobalSection
	GlobalSection(ExtensibilityGlobals) = postSolution
		SolutionGuid = {C720CADE-F0D8-42D3-81F6-F20DBDFC732A}
	EndGlobalSection
EndGlobal
